PODS:
  - AFNetworking (4.0.1):
    - AFNetworking/NSURLSession (= 4.0.1)
    - AFNetworking/Reachability (= 4.0.1)
    - AFNetworking/Security (= 4.0.1)
    - AFNetworking/Serialization (= 4.0.1)
    - AFNetworking/UIKit (= 4.0.1)
  - AFNetworking/NSURLSession (4.0.1):
    - AFNetworking/Reachability
    - AFNetworking/Security
    - AFNetworking/Serialization
  - AFNetworking/Reachability (4.0.1)
  - AFNetworking/Security (4.0.1)
  - AFNetworking/Serialization (4.0.1)
  - AFNetworking/UIKit (4.0.1):
    - AFNetworking/NSURLSession
  - basepod (0.1.0):
    - AFNetworking
  - podDev01 (0.1.0):
    - basepod

DEPENDENCIES:
  - basepod (from `base`)
  - podDev01 (from `./`)

SPEC REPOS:
  trunk:
    - AFNetworking

EXTERNAL SOURCES:
  basepod:
    :path: base
  podDev01:
    :path: "./"

SPEC CHECKSUMS:
  AFNetworking: 7864c38297c79aaca1500c33288e429c3451fdce
  basepod: 09e9dfc2db58f99dc595d6fbf557b1824fc3b43c
  podDev01: d125bdac08a5a46f9bb5a69f4adade0a153c80af

PODFILE CHECKSUM: 2ce24c5410813e6eb38a2273751fe990ac5a49af

COCOAPODS: 1.9.3
